
Microsoft Visual Studio Solution File, Format Version 12.00
# Visual Studio Version 17
VisualStudioVersion = 17.0.31903.59
MinimumVisualStudioVersion = 10.0.40219.1
Project("{FAE04EC0-301F-11D3-BF4B-00C04F79EFBC}") = "WebApi1", "WebApi1\WebApi1.csproj", "{685C904A-C2B5-4A5F-9674-5A2D2CA10EBC}"
EndProject
Project("{FAE04EC0-301F-11D3-BF4B-00C04F79EFBC}") = "ClassLib1", "ClassLib1\ClassLib1.csproj", "{06B88388-65A8-4836-BC6B-E9E2CF40A76A}"
EndProject
Global
	GlobalSection(SolutionConfigurationPlatforms) = preSolution
		Debug|Any CPU = Debug|Any CPU
		Release|Any CPU = Release|Any CPU
	EndGlobalSection
	GlobalSection(SolutionProperties) = preSolution
		HideSolutionNode = FALSE
	EndGlobalSection
	GlobalSection(ProjectConfigurationPlatforms) = postSolution
		{685C904A-C2B5-4A5F-9674-5A2D2CA10EBC}.Debug|Any CPU.ActiveCfg = Debug|Any CPU
		{685C904A-C2B5-4A5F-9674-5A2D2CA10EBC}.Debug|Any CPU.Build.0 = Debug|Any CPU
		{685C904A-C2B5-4A5F-9674-5A2D2CA10EBC}.Release|Any CPU.ActiveCfg = Release|Any CPU
		{685C904A-C2B5-4A5F-9674-5A2D2CA10EBC}.Release|Any CPU.Build.0 = Release|Any CPU
		{06B88388-65A8-4836-BC6B-E9E2CF40A76A}.Debug|Any CPU.ActiveCfg = Debug|Any CPU
		{06B88388-65A8-4836-BC6B-E9E2CF40A76A}.Debug|Any CPU.Build.0 = Debug|Any CPU
		{06B88388-65A8-4836-BC6B-E9E2CF40A76A}.Release|Any CPU.ActiveCfg = Release|Any CPU
		{06B88388-65A8-4836-BC6B-E9E2CF40A76A}.Release|Any CPU.Build.0 = Release|Any CPU
	EndGlobalSection
EndGlobal
